# THIS IS AN AUTOGENERATED FILE. DO NOT EDIT THIS FILE DIRECTLY.
# yarn lockfile v1


bs-platform@7.0.1:
  version "7.0.1"
  resolved "https://registry.yarnpkg.com/bs-platform/-/bs-platform-7.0.1.tgz#1d7b0ef6088b998dceee5db74a7cd8f01c20a3bd"
  integrity sha512-UjStdtHhbtC/l6vKJ1XRDqrPk7rFf5PLYHtRX3akDXEYVnTbN36z0g4DEr5mU8S0N945e33HYts9x+i7hKKpZQ==

expo-analytics@^1.0.14:
  version "1.0.14"
  resolved "https://registry.yarnpkg.com/expo-analytics/-/expo-analytics-1.0.14.tgz#ee54f2915fd36dedf3da428fb15e2eb1c7e4c032"
  integrity sha512-iF58/0zJBN23oGmda17rZ87w+C9UJcnYm7hS5kk0CCMN3s51iBVcdE2q+ggI1BXza70EODY+XnGYKJLJeaTBKg==
  dependencies:
    expo-constants "^5.0.1"

expo-constants@^5.0.1:
  version "5.0.1"
  resolved "https://registry.yarnpkg.com/expo-constants/-/expo-constants-5.0.1.tgz#597263397f269d7fe37d9cd6b30e305c16635a00"
  integrity sha512-Ny3teALKaE/jFzBg6DHr2GOoHpwQ/OLs3q3VugZOoR6hXCeVcCEP9MyNvhgn/cheeBDAa6UIgarv2Yufb5RMqQ==
  dependencies:
    ua-parser-js "^0.7.19"

ua-parser-js@^0.7.19:
  version "0.7.35"
  resolved "https://registry.yarnpkg.com/ua-parser-js/-/ua-parser-js-0.7.35.tgz#8bda4827be4f0b1dda91699a29499575a1f1d307"
  integrity sha512-veRf7dawaj9xaWEu9HoTVn5Pggtc/qj+kqTOFvNiN1l0YdxwC1kvel57UCjThjGa3BHBihE8/UJAHI+uQHmd/g==
